// !$*UTF8*$!
{
	archiveVersion = 1;
	classes = {
	};
	objectVersion = 56;
	objects = {

/* Begin PBXBuildFile section */
		0B37755E2A5BB1C70059E96B /* AudioResources.swift in Sources */ = {isa = PBXBuildFile; fileRef = 0B37755D2A5BB1C70059E96B /* AudioResources.swift */; };
		0B3775762A5BB38A0059E96B /* ButtonSfx.m4a in Resources */ = {isa = PBXBuildFile; fileRef = 0B37756B2A5BB3890059E96B /* ButtonSfx.m4a */; };
		0B3775772A5BB38A0059E96B /* MainStoryBgm2.m4a in Resources */ = {isa = PBXBuildFile; fileRef = 0B37756C2A5BB38A0059E96B /* MainStoryBgm2.m4a */; };
		0B3775782A5BB38A0059E96B /* WrongSfx.m4a in Resources */ = {isa = PBXBuildFile; fileRef = 0B37756D2A5BB38A0059E96B /* WrongSfx.m4a */; };
		0B3775792A5BB38A0059E96B /* DropCoinSfx.m4a in Resources */ = {isa = PBXBuildFile; fileRef = 0B37756E2A5BB38A0059E96B /* DropCoinSfx.m4a */; };
		0B37757A2A5BB38A0059E96B /* CorrectSfx.m4a in Resources */ = {isa = PBXBuildFile; fileRef = 0B37756F2A5BB38A0059E96B /* CorrectSfx.m4a */; };
		0B37757B2A5BB38A0059E96B /* EdithTalk.m4a in Resources */ = {isa = PBXBuildFile; fileRef = 0B3775702A5BB38A0059E96B /* EdithTalk.m4a */; };
		0B37757C2A5BB38A0059E96B /* NextButtonSfx.m4a in Resources */ = {isa = PBXBuildFile; fileRef = 0B3775712A5BB38A0059E96B /* NextButtonSfx.m4a */; };
		0B37757D2A5BB38A0059E96B /* WholesomeShuffleBgm.m4a in Resources */ = {isa = PBXBuildFile; fileRef = 0B3775722A5BB38A0059E96B /* WholesomeShuffleBgm.m4a */; };
		0B37757E2A5BB38A0059E96B /* BrokenEdith.m4a in Resources */ = {isa = PBXBuildFile; fileRef = 0B3775732A5BB38A0059E96B /* BrokenEdith.m4a */; };
		0B37757F2A5BB38A0059E96B /* EdithPowerUp.m4a in Resources */ = {isa = PBXBuildFile; fileRef = 0B3775742A5BB38A0059E96B /* EdithPowerUp.m4a */; };
		0B3775802A5BB38A0059E96B /* StageCompleted.m4a in Resources */ = {isa = PBXBuildFile; fileRef = 0B3775752A5BB38A0059E96B /* StageCompleted.m4a */; };
		0B7A7F4F2A52C63B00DDA88B /* Module2View.swift in Sources */ = {isa = PBXBuildFile; fileRef = 0B7A7F4E2A52C63B00DDA88B /* Module2View.swift */; };
		0BB9FA0C2A54077400DB30CC /* Module3View.swift in Sources */ = {isa = PBXBuildFile; fileRef = 0BB9FA0B2A54077400DB30CC /* Module3View.swift */; };
		272897412A4A8661005B1A36 /* WorldMapView.swift in Sources */ = {isa = PBXBuildFile; fileRef = 272897402A4A8661005B1A36 /* WorldMapView.swift */; };
		272897432A4A9201005B1A36 /* MapButton.swift in Sources */ = {isa = PBXBuildFile; fileRef = 272897422A4A9201005B1A36 /* MapButton.swift */; };
		272897452A4A944C005B1A36 /* MapStageButton.swift in Sources */ = {isa = PBXBuildFile; fileRef = 272897442A4A944C005B1A36 /* MapStageButton.swift */; };
		27355B592A4BD964006C495A /* ContainerView.swift in Sources */ = {isa = PBXBuildFile; fileRef = 27355B582A4BD964006C495A /* ContainerView.swift */; };
		277375842A5B98E600DA4260 /* EdithFigure.swift in Sources */ = {isa = PBXBuildFile; fileRef = 277375832A5B98E600DA4260 /* EdithFigure.swift */; };
		27A6FD002A564681008096AF /* Stage3View.swift in Sources */ = {isa = PBXBuildFile; fileRef = 27A6FCFF2A564681008096AF /* Stage3View.swift */; };
		27A6FD022A564C83008096AF /* CircleWithNumber.swift in Sources */ = {isa = PBXBuildFile; fileRef = 27A6FD012A564C83008096AF /* CircleWithNumber.swift */; };
		27B59A102A4E5C3500C13D14 /* Stage1View.swift in Sources */ = {isa = PBXBuildFile; fileRef = 27B59A0F2A4E5C3500C13D14 /* Stage1View.swift */; };
		27B59A142A4E71DE00C13D14 /* StageViewModel.swift in Sources */ = {isa = PBXBuildFile; fileRef = 27B59A132A4E71DE00C13D14 /* StageViewModel.swift */; };
		27B59A162A4E7EDF00C13D14 /* Stage2View.swift in Sources */ = {isa = PBXBuildFile; fileRef = 27B59A152A4E7EDF00C13D14 /* Stage2View.swift */; };
		27C66EA82A4BF0A0007BB465 /* InteractiveImageModel.swift in Sources */ = {isa = PBXBuildFile; fileRef = 27C66EA22A4BF0A0007BB465 /* InteractiveImageModel.swift */; };
		27C66EA92A4BF0A0007BB465 /* ParentAvatarModel.swift in Sources */ = {isa = PBXBuildFile; fileRef = 27C66EA32A4BF0A0007BB465 /* ParentAvatarModel.swift */; };
		27C66EAA2A4BF0A0007BB465 /* UserModel.swift in Sources */ = {isa = PBXBuildFile; fileRef = 27C66EA42A4BF0A0007BB465 /* UserModel.swift */; };
		27C66EAB2A4BF0A0007BB465 /* ChildAvatarModel.swift in Sources */ = {isa = PBXBuildFile; fileRef = 27C66EA52A4BF0A0007BB465 /* ChildAvatarModel.swift */; };
		27C66EAC2A4BF0A0007BB465 /* StageModel.swift in Sources */ = {isa = PBXBuildFile; fileRef = 27C66EA62A4BF0A0007BB465 /* StageModel.swift */; };
		27C66EAD2A4BF0A0007BB465 /* ModulModel.swift in Sources */ = {isa = PBXBuildFile; fileRef = 27C66EA72A4BF0A0007BB465 /* ModulModel.swift */; };
		27F27E442A4EFC6C009CF355 /* PromptBox.swift in Sources */ = {isa = PBXBuildFile; fileRef = 27F27E432A4EFC6C009CF355 /* PromptBox.swift */; };
		27F27E472A4EFDCA009CF355 /* Module1View.swift in Sources */ = {isa = PBXBuildFile; fileRef = 27F27E462A4EFDCA009CF355 /* Module1View.swift */; };
		27F27E4B2A4F02E0009CF355 /* ModulViewModel.swift in Sources */ = {isa = PBXBuildFile; fileRef = 27F27E4A2A4F02E0009CF355 /* ModulViewModel.swift */; };
		EE25AED22A56540F001F5B45 /* CloseButton.swift in Sources */ = {isa = PBXBuildFile; fileRef = EE25AED12A56540F001F5B45 /* CloseButton.swift */; };
		EE25AED42A57BA9D001F5B45 /* ChallengeModel.swift in Sources */ = {isa = PBXBuildFile; fileRef = EE25AED32A57BA9C001F5B45 /* ChallengeModel.swift */; };
		EE25AED62A5C6A7A001F5B45 /* OnboardingView.swift in Sources */ = {isa = PBXBuildFile; fileRef = EE25AED52A5C6A7A001F5B45 /* OnboardingView.swift */; };
		EEA1FA1A2A42AB300041270B /* edithApp.swift in Sources */ = {isa = PBXBuildFile; fileRef = EEA1FA192A42AB300041270B /* edithApp.swift */; };
		EEA1FA1C2A42AB300041270B /* ContentView.swift in Sources */ = {isa = PBXBuildFile; fileRef = EEA1FA1B2A42AB300041270B /* ContentView.swift */; };
		EEA1FA1E2A42AB320041270B /* Assets.xcassets in Resources */ = {isa = PBXBuildFile; fileRef = EEA1FA1D2A42AB320041270B /* Assets.xcassets */; };
		EEA1FA212A42AB320041270B /* Preview Assets.xcassets in Resources */ = {isa = PBXBuildFile; fileRef = EEA1FA202A42AB320041270B /* Preview Assets.xcassets */; };
		EEA1FA2B2A42AB320041270B /* edithTests.swift in Sources */ = {isa = PBXBuildFile; fileRef = EEA1FA2A2A42AB320041270B /* edithTests.swift */; };
		EEA1FA352A42AB320041270B /* edithUITests.swift in Sources */ = {isa = PBXBuildFile; fileRef = EEA1FA342A42AB320041270B /* edithUITests.swift */; };
		EEA1FA372A42AB320041270B /* edithUITestsLaunchTests.swift in Sources */ = {isa = PBXBuildFile; fileRef = EEA1FA362A42AB320041270B /* edithUITestsLaunchTests.swift */; };
		EEA1FA482A43DC1D0041270B /* Color.swift in Sources */ = {isa = PBXBuildFile; fileRef = EEA1FA472A43DC1D0041270B /* Color.swift */; };
		EEA1FA4F2A43DEB80041270B /* ThreeDButton.swift in Sources */ = {isa = PBXBuildFile; fileRef = EEA1FA4E2A43DEB80041270B /* ThreeDButton.swift */; };
		EEA1FA532A43E6F90041270B /* StageButton.swift in Sources */ = {isa = PBXBuildFile; fileRef = EEA1FA522A43E6F90041270B /* StageButton.swift */; };
		EEA1FA552A43EDCB0041270B /* Star.swift in Sources */ = {isa = PBXBuildFile; fileRef = EEA1FA542A43EDCB0041270B /* Star.swift */; };
		EEA1FA572A43F4160041270B /* Font.swift in Sources */ = {isa = PBXBuildFile; fileRef = EEA1FA562A43F4160041270B /* Font.swift */; };
		EEA1FA832A43F5CB0041270B /* Baloo2-SemiBold.ttf in Resources */ = {isa = PBXBuildFile; fileRef = EEA1FA7E2A43F5CB0041270B /* Baloo2-SemiBold.ttf */; };
		EEA1FA842A43F5CB0041270B /* Baloo2-Medium.ttf in Resources */ = {isa = PBXBuildFile; fileRef = EEA1FA7F2A43F5CB0041270B /* Baloo2-Medium.ttf */; };
		EEA1FA852A43F5CB0041270B /* Baloo2-ExtraBold.ttf in Resources */ = {isa = PBXBuildFile; fileRef = EEA1FA802A43F5CB0041270B /* Baloo2-ExtraBold.ttf */; };
		EEA1FA862A43F5CB0041270B /* Baloo2-Regular.ttf in Resources */ = {isa = PBXBuildFile; fileRef = EEA1FA812A43F5CB0041270B /* Baloo2-Regular.ttf */; };
		EEA1FA872A43F5CB0041270B /* Baloo2-Bold.ttf in Resources */ = {isa = PBXBuildFile; fileRef = EEA1FA822A43F5CB0041270B /* Baloo2-Bold.ttf */; };
		EEA1FA8A2A440A7C0041270B /* Map1View.swift in Sources */ = {isa = PBXBuildFile; fileRef = EEA1FA892A440A7C0041270B /* Map1View.swift */; };
		EEA1FA8C2A440B460041270B /* CloudView.swift in Sources */ = {isa = PBXBuildFile; fileRef = EEA1FA8B2A440B460041270B /* CloudView.swift */; };
		EEB981C32A541E980089A429 /* MainStoryView.swift in Sources */ = {isa = PBXBuildFile; fileRef = EEB981C22A541E980089A429 /* MainStoryView.swift */; };
		EEB981C52A541EB40089A429 /* Extension.swift in Sources */ = {isa = PBXBuildFile; fileRef = EEB981C42A541EB40089A429 /* Extension.swift */; };
		EEB981C72A541ECF0089A429 /* CounterObject.swift in Sources */ = {isa = PBXBuildFile; fileRef = EEB981C62A541ECF0089A429 /* CounterObject.swift */; };
		EEB981CA2A5458550089A429 /* Challenge1View.swift in Sources */ = {isa = PBXBuildFile; fileRef = EEB981C92A5458550089A429 /* Challenge1View.swift */; };
		EEC157052A5501F70024A13E /* ChallengeViewModel.swift in Sources */ = {isa = PBXBuildFile; fileRef = EEC157042A5501F70024A13E /* ChallengeViewModel.swift */; };
		EECF3CF32A49366D00470917 /* CircleAvatar.swift in Sources */ = {isa = PBXBuildFile; fileRef = EECF3CF22A49366D00470917 /* CircleAvatar.swift */; };
		EECF3CF52A4936D600470917 /* Checklist.swift in Sources */ = {isa = PBXBuildFile; fileRef = EECF3CF42A4936D600470917 /* Checklist.swift */; };
		EECF3CF92A49394100470917 /* ChooseAvatarView.swift in Sources */ = {isa = PBXBuildFile; fileRef = EECF3CF82A49394100470917 /* ChooseAvatarView.swift */; };
		EECF3CFF2A4A805000470917 /* BackButton.swift in Sources */ = {isa = PBXBuildFile; fileRef = EECF3CFE2A4A805000470917 /* BackButton.swift */; };
		EECF3D1F2A4BFD5800470917 /* UserViewModel.swift in Sources */ = {isa = PBXBuildFile; fileRef = EECF3D1E2A4BFD5800470917 /* UserViewModel.swift */; };
		EEE690DE2A44816500B7394C /* RoadmapView.swift in Sources */ = {isa = PBXBuildFile; fileRef = EEE690DD2A44816500B7394C /* RoadmapView.swift */; };
/* End PBXBuildFile section */

/* Begin PBXContainerItemProxy section */
		EEA1FA272A42AB320041270B /* PBXContainerItemProxy */ = {
			isa = PBXContainerItemProxy;
			containerPortal = EEA1FA0E2A42AB300041270B /* Project object */;
			proxyType = 1;
			remoteGlobalIDString = EEA1FA152A42AB300041270B;
			remoteInfo = edith;
		};
		EEA1FA312A42AB320041270B /* PBXContainerItemProxy */ = {
			isa = PBXContainerItemProxy;
			containerPortal = EEA1FA0E2A42AB300041270B /* Project object */;
			proxyType = 1;
			remoteGlobalIDString = EEA1FA152A42AB300041270B;
			remoteInfo = edith;
		};
/* End PBXContainerItemProxy section */

/* Begin PBXFileReference section */
		0B37755D2A5BB1C70059E96B /* AudioResources.swift */ = {isa = PBXFileReference; lastKnownFileType = sourcecode.swift; path = AudioResources.swift; sourceTree = "<group>"; };
		0B37756B2A5BB3890059E96B /* ButtonSfx.m4a */ = {isa = PBXFileReference; lastKnownFileType = file; path = ButtonSfx.m4a; sourceTree = "<group>"; };
		0B37756C2A5BB38A0059E96B /* MainStoryBgm2.m4a */ = {isa = PBXFileReference; lastKnownFileType = file; path = MainStoryBgm2.m4a; sourceTree = "<group>"; };
		0B37756D2A5BB38A0059E96B /* WrongSfx.m4a */ = {isa = PBXFileReference; lastKnownFileType = file; path = WrongSfx.m4a; sourceTree = "<group>"; };
		0B37756E2A5BB38A0059E96B /* DropCoinSfx.m4a */ = {isa = PBXFileReference; lastKnownFileType = file; path = DropCoinSfx.m4a; sourceTree = "<group>"; };
		0B37756F2A5BB38A0059E96B /* CorrectSfx.m4a */ = {isa = PBXFileReference; lastKnownFileType = file; path = CorrectSfx.m4a; sourceTree = "<group>"; };
		0B3775702A5BB38A0059E96B /* EdithTalk.m4a */ = {isa = PBXFileReference; lastKnownFileType = file; path = EdithTalk.m4a; sourceTree = "<group>"; };
		0B3775712A5BB38A0059E96B /* NextButtonSfx.m4a */ = {isa = PBXFileReference; lastKnownFileType = file; path = NextButtonSfx.m4a; sourceTree = "<group>"; };
		0B3775722A5BB38A0059E96B /* WholesomeShuffleBgm.m4a */ = {isa = PBXFileReference; lastKnownFileType = file; path = WholesomeShuffleBgm.m4a; sourceTree = "<group>"; };
		0B3775732A5BB38A0059E96B /* BrokenEdith.m4a */ = {isa = PBXFileReference; lastKnownFileType = file; path = BrokenEdith.m4a; sourceTree = "<group>"; };
		0B3775742A5BB38A0059E96B /* EdithPowerUp.m4a */ = {isa = PBXFileReference; lastKnownFileType = file; path = EdithPowerUp.m4a; sourceTree = "<group>"; };
		0B3775752A5BB38A0059E96B /* StageCompleted.m4a */ = {isa = PBXFileReference; lastKnownFileType = file; path = StageCompleted.m4a; sourceTree = "<group>"; };
		0B7A7F4E2A52C63B00DDA88B /* Module2View.swift */ = {isa = PBXFileReference; lastKnownFileType = sourcecode.swift; path = Module2View.swift; sourceTree = "<group>"; };
		0BB9FA0B2A54077400DB30CC /* Module3View.swift */ = {isa = PBXFileReference; lastKnownFileType = sourcecode.swift; path = Module3View.swift; sourceTree = "<group>"; };
		272897402A4A8661005B1A36 /* WorldMapView.swift */ = {isa = PBXFileReference; lastKnownFileType = sourcecode.swift; path = WorldMapView.swift; sourceTree = "<group>"; };
		272897422A4A9201005B1A36 /* MapButton.swift */ = {isa = PBXFileReference; lastKnownFileType = sourcecode.swift; path = MapButton.swift; sourceTree = "<group>"; };
		272897442A4A944C005B1A36 /* MapStageButton.swift */ = {isa = PBXFileReference; lastKnownFileType = sourcecode.swift; path = MapStageButton.swift; sourceTree = "<group>"; };
		27355B582A4BD964006C495A /* ContainerView.swift */ = {isa = PBXFileReference; lastKnownFileType = sourcecode.swift; path = ContainerView.swift; sourceTree = "<group>"; };
		277375832A5B98E600DA4260 /* EdithFigure.swift */ = {isa = PBXFileReference; lastKnownFileType = sourcecode.swift; path = EdithFigure.swift; sourceTree = "<group>"; };
		27A6FCFF2A564681008096AF /* Stage3View.swift */ = {isa = PBXFileReference; lastKnownFileType = sourcecode.swift; path = Stage3View.swift; sourceTree = "<group>"; };
		27A6FD012A564C83008096AF /* CircleWithNumber.swift */ = {isa = PBXFileReference; lastKnownFileType = sourcecode.swift; path = CircleWithNumber.swift; sourceTree = "<group>"; };
		27B59A0F2A4E5C3500C13D14 /* Stage1View.swift */ = {isa = PBXFileReference; lastKnownFileType = sourcecode.swift; path = Stage1View.swift; sourceTree = "<group>"; };
		27B59A132A4E71DE00C13D14 /* StageViewModel.swift */ = {isa = PBXFileReference; lastKnownFileType = sourcecode.swift; path = StageViewModel.swift; sourceTree = "<group>"; };
		27B59A152A4E7EDF00C13D14 /* Stage2View.swift */ = {isa = PBXFileReference; lastKnownFileType = sourcecode.swift; path = Stage2View.swift; sourceTree = "<group>"; };
		27C66EA22A4BF0A0007BB465 /* InteractiveImageModel.swift */ = {isa = PBXFileReference; fileEncoding = 4; lastKnownFileType = sourcecode.swift; path = InteractiveImageModel.swift; sourceTree = "<group>"; };
		27C66EA32A4BF0A0007BB465 /* ParentAvatarModel.swift */ = {isa = PBXFileReference; fileEncoding = 4; lastKnownFileType = sourcecode.swift; path = ParentAvatarModel.swift; sourceTree = "<group>"; };
		27C66EA42A4BF0A0007BB465 /* UserModel.swift */ = {isa = PBXFileReference; fileEncoding = 4; lastKnownFileType = sourcecode.swift; path = UserModel.swift; sourceTree = "<group>"; };
		27C66EA52A4BF0A0007BB465 /* ChildAvatarModel.swift */ = {isa = PBXFileReference; fileEncoding = 4; lastKnownFileType = sourcecode.swift; path = ChildAvatarModel.swift; sourceTree = "<group>"; };
		27C66EA62A4BF0A0007BB465 /* StageModel.swift */ = {isa = PBXFileReference; fileEncoding = 4; lastKnownFileType = sourcecode.swift; path = StageModel.swift; sourceTree = "<group>"; };
		27C66EA72A4BF0A0007BB465 /* ModulModel.swift */ = {isa = PBXFileReference; fileEncoding = 4; lastKnownFileType = sourcecode.swift; path = ModulModel.swift; sourceTree = "<group>"; };
		27F27E432A4EFC6C009CF355 /* PromptBox.swift */ = {isa = PBXFileReference; lastKnownFileType = sourcecode.swift; path = PromptBox.swift; sourceTree = "<group>"; };
		27F27E462A4EFDCA009CF355 /* Module1View.swift */ = {isa = PBXFileReference; lastKnownFileType = sourcecode.swift; path = Module1View.swift; sourceTree = "<group>"; };
		27F27E4A2A4F02E0009CF355 /* ModulViewModel.swift */ = {isa = PBXFileReference; lastKnownFileType = sourcecode.swift; path = ModulViewModel.swift; sourceTree = "<group>"; };
		EE25AED12A56540F001F5B45 /* CloseButton.swift */ = {isa = PBXFileReference; lastKnownFileType = sourcecode.swift; path = CloseButton.swift; sourceTree = "<group>"; };
		EE25AED32A57BA9C001F5B45 /* ChallengeModel.swift */ = {isa = PBXFileReference; lastKnownFileType = sourcecode.swift; path = ChallengeModel.swift; sourceTree = "<group>"; };
		EE25AED52A5C6A7A001F5B45 /* OnboardingView.swift */ = {isa = PBXFileReference; lastKnownFileType = sourcecode.swift; path = OnboardingView.swift; sourceTree = "<group>"; };
		EEA1FA162A42AB300041270B /* edith.app */ = {isa = PBXFileReference; explicitFileType = wrapper.application; includeInIndex = 0; path = edith.app; sourceTree = BUILT_PRODUCTS_DIR; };
		EEA1FA192A42AB300041270B /* edithApp.swift */ = {isa = PBXFileReference; lastKnownFileType = sourcecode.swift; path = edithApp.swift; sourceTree = "<group>"; };
		EEA1FA1B2A42AB300041270B /* ContentView.swift */ = {isa = PBXFileReference; lastKnownFileType = sourcecode.swift; path = ContentView.swift; sourceTree = "<group>"; };
		EEA1FA1D2A42AB320041270B /* Assets.xcassets */ = {isa = PBXFileReference; lastKnownFileType = folder.assetcatalog; path = Assets.xcassets; sourceTree = "<group>"; };
		EEA1FA202A42AB320041270B /* Preview Assets.xcassets */ = {isa = PBXFileReference; lastKnownFileType = folder.assetcatalog; path = "Preview Assets.xcassets"; sourceTree = "<group>"; };
		EEA1FA262A42AB320041270B /* edithTests.xctest */ = {isa = PBXFileReference; explicitFileType = wrapper.cfbundle; includeInIndex = 0; path = edithTests.xctest; sourceTree = BUILT_PRODUCTS_DIR; };
		EEA1FA2A2A42AB320041270B /* edithTests.swift */ = {isa = PBXFileReference; lastKnownFileType = sourcecode.swift; path = edithTests.swift; sourceTree = "<group>"; };
		EEA1FA302A42AB320041270B /* edithUITests.xctest */ = {isa = PBXFileReference; explicitFileType = wrapper.cfbundle; includeInIndex = 0; path = edithUITests.xctest; sourceTree = BUILT_PRODUCTS_DIR; };
		EEA1FA342A42AB320041270B /* edithUITests.swift */ = {isa = PBXFileReference; lastKnownFileType = sourcecode.swift; path = edithUITests.swift; sourceTree = "<group>"; };
		EEA1FA362A42AB320041270B /* edithUITestsLaunchTests.swift */ = {isa = PBXFileReference; lastKnownFileType = sourcecode.swift; path = edithUITestsLaunchTests.swift; sourceTree = "<group>"; };
		EEA1FA472A43DC1D0041270B /* Color.swift */ = {isa = PBXFileReference; lastKnownFileType = sourcecode.swift; path = Color.swift; sourceTree = "<group>"; };
		EEA1FA4E2A43DEB80041270B /* ThreeDButton.swift */ = {isa = PBXFileReference; lastKnownFileType = sourcecode.swift; path = ThreeDButton.swift; sourceTree = "<group>"; };
		EEA1FA522A43E6F90041270B /* StageButton.swift */ = {isa = PBXFileReference; lastKnownFileType = sourcecode.swift; path = StageButton.swift; sourceTree = "<group>"; };
		EEA1FA542A43EDCB0041270B /* Star.swift */ = {isa = PBXFileReference; lastKnownFileType = sourcecode.swift; path = Star.swift; sourceTree = "<group>"; };
		EEA1FA562A43F4160041270B /* Font.swift */ = {isa = PBXFileReference; lastKnownFileType = sourcecode.swift; path = Font.swift; sourceTree = "<group>"; };
		EEA1FA7E2A43F5CB0041270B /* Baloo2-SemiBold.ttf */ = {isa = PBXFileReference; lastKnownFileType = file; path = "Baloo2-SemiBold.ttf"; sourceTree = "<group>"; };
		EEA1FA7F2A43F5CB0041270B /* Baloo2-Medium.ttf */ = {isa = PBXFileReference; lastKnownFileType = file; path = "Baloo2-Medium.ttf"; sourceTree = "<group>"; };
		EEA1FA802A43F5CB0041270B /* Baloo2-ExtraBold.ttf */ = {isa = PBXFileReference; lastKnownFileType = file; path = "Baloo2-ExtraBold.ttf"; sourceTree = "<group>"; };
		EEA1FA812A43F5CB0041270B /* Baloo2-Regular.ttf */ = {isa = PBXFileReference; lastKnownFileType = file; path = "Baloo2-Regular.ttf"; sourceTree = "<group>"; };
		EEA1FA822A43F5CB0041270B /* Baloo2-Bold.ttf */ = {isa = PBXFileReference; lastKnownFileType = file; path = "Baloo2-Bold.ttf"; sourceTree = "<group>"; };
		EEA1FA882A43F65F0041270B /* Info.plist */ = {isa = PBXFileReference; lastKnownFileType = text.plist; path = Info.plist; sourceTree = "<group>"; };
		EEA1FA892A440A7C0041270B /* Map1View.swift */ = {isa = PBXFileReference; lastKnownFileType = sourcecode.swift; path = Map1View.swift; sourceTree = "<group>"; };
		EEA1FA8B2A440B460041270B /* CloudView.swift */ = {isa = PBXFileReference; lastKnownFileType = sourcecode.swift; path = CloudView.swift; sourceTree = "<group>"; };
		EEB981C22A541E980089A429 /* MainStoryView.swift */ = {isa = PBXFileReference; fileEncoding = 4; lastKnownFileType = sourcecode.swift; path = MainStoryView.swift; sourceTree = "<group>"; };
		EEB981C42A541EB40089A429 /* Extension.swift */ = {isa = PBXFileReference; fileEncoding = 4; lastKnownFileType = sourcecode.swift; path = Extension.swift; sourceTree = "<group>"; };
		EEB981C62A541ECF0089A429 /* CounterObject.swift */ = {isa = PBXFileReference; fileEncoding = 4; lastKnownFileType = sourcecode.swift; path = CounterObject.swift; sourceTree = "<group>"; };
		EEB981C92A5458550089A429 /* Challenge1View.swift */ = {isa = PBXFileReference; lastKnownFileType = sourcecode.swift; path = Challenge1View.swift; sourceTree = "<group>"; };
		EEC157042A5501F70024A13E /* ChallengeViewModel.swift */ = {isa = PBXFileReference; lastKnownFileType = sourcecode.swift; path = ChallengeViewModel.swift; sourceTree = "<group>"; };
		EECF3CF22A49366D00470917 /* CircleAvatar.swift */ = {isa = PBXFileReference; lastKnownFileType = sourcecode.swift; path = CircleAvatar.swift; sourceTree = "<group>"; };
		EECF3CF42A4936D600470917 /* Checklist.swift */ = {isa = PBXFileReference; lastKnownFileType = sourcecode.swift; path = Checklist.swift; sourceTree = "<group>"; };
		EECF3CF82A49394100470917 /* ChooseAvatarView.swift */ = {isa = PBXFileReference; lastKnownFileType = sourcecode.swift; path = ChooseAvatarView.swift; sourceTree = "<group>"; };
		EECF3CFE2A4A805000470917 /* BackButton.swift */ = {isa = PBXFileReference; lastKnownFileType = sourcecode.swift; path = BackButton.swift; sourceTree = "<group>"; };
		EECF3D1E2A4BFD5800470917 /* UserViewModel.swift */ = {isa = PBXFileReference; lastKnownFileType = sourcecode.swift; path = UserViewModel.swift; sourceTree = "<group>"; };
		EEE690DD2A44816500B7394C /* RoadmapView.swift */ = {isa = PBXFileReference; lastKnownFileType = sourcecode.swift; path = RoadmapView.swift; sourceTree = "<group>"; };
/* End PBXFileReference section */

/* Begin PBXFrameworksBuildPhase section */
		EEA1FA132A42AB300041270B /* Frameworks */ = {
			isa = PBXFrameworksBuildPhase;
			buildActionMask = 2147483647;
			files = (
			);
			runOnlyForDeploymentPostprocessing = 0;
		};
		EEA1FA232A42AB320041270B /* Frameworks */ = {
			isa = PBXFrameworksBuildPhase;
			buildActionMask = 2147483647;
			files = (
			);
			runOnlyForDeploymentPostprocessing = 0;
		};
		EEA1FA2D2A42AB320041270B /* Frameworks */ = {
			isa = PBXFrameworksBuildPhase;
			buildActionMask = 2147483647;
			files = (
			);
			runOnlyForDeploymentPostprocessing = 0;
		};
/* End PBXFrameworksBuildPhase section */

/* Begin PBXGroup section */
		0B37756A2A5BB3790059E96B /* Resources */ = {
			isa = PBXGroup;
			children = (
				0B3775732A5BB38A0059E96B /* BrokenEdith.m4a */,
				0B37756B2A5BB3890059E96B /* ButtonSfx.m4a */,
				0B37756F2A5BB38A0059E96B /* CorrectSfx.m4a */,
				0B37756E2A5BB38A0059E96B /* DropCoinSfx.m4a */,
				0B3775742A5BB38A0059E96B /* EdithPowerUp.m4a */,
				0B3775702A5BB38A0059E96B /* EdithTalk.m4a */,
				0B37756C2A5BB38A0059E96B /* MainStoryBgm2.m4a */,
				0B3775712A5BB38A0059E96B /* NextButtonSfx.m4a */,
				0B3775752A5BB38A0059E96B /* StageCompleted.m4a */,
				0B3775722A5BB38A0059E96B /* WholesomeShuffleBgm.m4a */,
				0B37756D2A5BB38A0059E96B /* WrongSfx.m4a */,
			);
			path = Resources;
			sourceTree = "<group>";
		};
		2728973F2A4A8656005B1A36 /* WorldMap */ = {
			isa = PBXGroup;
			children = (
				272897402A4A8661005B1A36 /* WorldMapView.swift */,
			);
			path = WorldMap;
			sourceTree = "<group>";
		};
		27B59A0E2A4E5C2600C13D14 /* Stages */ = {
			isa = PBXGroup;
			children = (
				27B59A0F2A4E5C3500C13D14 /* Stage1View.swift */,
				27B59A152A4E7EDF00C13D14 /* Stage2View.swift */,
				27A6FCFF2A564681008096AF /* Stage3View.swift */,
			);
			path = Stages;
			sourceTree = "<group>";
		};
		27C66EA12A4BF0A0007BB465 /* Model */ = {
			isa = PBXGroup;
			children = (
				27C66EA22A4BF0A0007BB465 /* InteractiveImageModel.swift */,
				27C66EA32A4BF0A0007BB465 /* ParentAvatarModel.swift */,
				27C66EA42A4BF0A0007BB465 /* UserModel.swift */,
				27C66EA52A4BF0A0007BB465 /* ChildAvatarModel.swift */,
				27C66EA62A4BF0A0007BB465 /* StageModel.swift */,
				27C66EA72A4BF0A0007BB465 /* ModulModel.swift */,
				EE25AED32A57BA9C001F5B45 /* ChallengeModel.swift */,
			);
			path = Model;
			sourceTree = "<group>";
		};
		27F27E452A4EFDBA009CF355 /* Modules */ = {
			isa = PBXGroup;
			children = (
				27F27E462A4EFDCA009CF355 /* Module1View.swift */,
				0B7A7F4E2A52C63B00DDA88B /* Module2View.swift */,
				0BB9FA0B2A54077400DB30CC /* Module3View.swift */,
			);
			path = Modules;
			sourceTree = "<group>";
		};
		EEA1FA0D2A42AB300041270B = {
			isa = PBXGroup;
			children = (
				EEA1FA182A42AB300041270B /* edith */,
				EEA1FA292A42AB320041270B /* edithTests */,
				EEA1FA332A42AB320041270B /* edithUITests */,
				EEA1FA172A42AB300041270B /* Products */,
			);
			sourceTree = "<group>";
		};
		EEA1FA172A42AB300041270B /* Products */ = {
			isa = PBXGroup;
			children = (
				EEA1FA162A42AB300041270B /* edith.app */,
				EEA1FA262A42AB320041270B /* edithTests.xctest */,
				EEA1FA302A42AB320041270B /* edithUITests.xctest */,
			);
			name = Products;
			sourceTree = "<group>";
		};
		EEA1FA182A42AB300041270B /* edith */ = {
			isa = PBXGroup;
			children = (
				0B37756A2A5BB3790059E96B /* Resources */,
				EECF3D1D2A4BFD4B00470917 /* ViewModel */,
				27C66EA12A4BF0A0007BB465 /* Model */,
				EEA1FA882A43F65F0041270B /* Info.plist */,
				EEA1FA732A43F58F0041270B /* Fonts */,
				EEA1FA4B2A43DE0F0041270B /* Component */,
				EEA1FA462A42AB6C0041270B /* View */,
				EEA1FA432A42AB500041270B /* Utils */,
				EEA1FA192A42AB300041270B /* edithApp.swift */,
				EEA1FA1B2A42AB300041270B /* ContentView.swift */,
				EEA1FA1D2A42AB320041270B /* Assets.xcassets */,
				EEA1FA1F2A42AB320041270B /* Preview Content */,
			);
			path = edith;
			sourceTree = "<group>";
		};
		EEA1FA1F2A42AB320041270B /* Preview Content */ = {
			isa = PBXGroup;
			children = (
				EEA1FA202A42AB320041270B /* Preview Assets.xcassets */,
			);
			path = "Preview Content";
			sourceTree = "<group>";
		};
		EEA1FA292A42AB320041270B /* edithTests */ = {
			isa = PBXGroup;
			children = (
				EEA1FA2A2A42AB320041270B /* edithTests.swift */,
			);
			path = edithTests;
			sourceTree = "<group>";
		};
		EEA1FA332A42AB320041270B /* edithUITests */ = {
			isa = PBXGroup;
			children = (
				EEA1FA342A42AB320041270B /* edithUITests.swift */,
				EEA1FA362A42AB320041270B /* edithUITestsLaunchTests.swift */,
			);
			path = edithUITests;
			sourceTree = "<group>";
		};
		EEA1FA432A42AB500041270B /* Utils */ = {
			isa = PBXGroup;
			children = (
				EEB981C42A541EB40089A429 /* Extension.swift */,
				EEA1FA472A43DC1D0041270B /* Color.swift */,
				EEA1FA562A43F4160041270B /* Font.swift */,
			);
			path = Utils;
			sourceTree = "<group>";
		};
		EEA1FA462A42AB6C0041270B /* View */ = {
			isa = PBXGroup;
			children = (
				EEB981C82A5458420089A429 /* Challenge */,
				EEB981C12A541E980089A429 /* MainStory */,
				27F27E452A4EFDBA009CF355 /* Modules */,
				27B59A0E2A4E5C2600C13D14 /* Stages */,
				2728973F2A4A8656005B1A36 /* WorldMap */,
				EEA1FA8E2A444C940041270B /* CityMap */,
				EECF3CF82A49394100470917 /* ChooseAvatarView.swift */,
				EE25AED52A5C6A7A001F5B45 /* OnboardingView.swift */,
			);
			path = View;
			sourceTree = "<group>";
		};
		EEA1FA4B2A43DE0F0041270B /* Component */ = {
			isa = PBXGroup;
			children = (
				EEB981C62A541ECF0089A429 /* CounterObject.swift */,
				EEA1FA4E2A43DEB80041270B /* ThreeDButton.swift */,
				EEA1FA522A43E6F90041270B /* StageButton.swift */,
				EEA1FA542A43EDCB0041270B /* Star.swift */,
				EEA1FA8B2A440B460041270B /* CloudView.swift */,
				EEE690DD2A44816500B7394C /* RoadmapView.swift */,
				EECF3CF22A49366D00470917 /* CircleAvatar.swift */,
				EECF3CF42A4936D600470917 /* Checklist.swift */,
				EECF3CFE2A4A805000470917 /* BackButton.swift */,
				272897422A4A9201005B1A36 /* MapButton.swift */,
				272897442A4A944C005B1A36 /* MapStageButton.swift */,
				27355B582A4BD964006C495A /* ContainerView.swift */,
				27F27E432A4EFC6C009CF355 /* PromptBox.swift */,
				27A6FD012A564C83008096AF /* CircleWithNumber.swift */,
				EE25AED12A56540F001F5B45 /* CloseButton.swift */,
				277375832A5B98E600DA4260 /* EdithFigure.swift */,
			);
			path = Component;
			sourceTree = "<group>";
		};
		EEA1FA732A43F58F0041270B /* Fonts */ = {
			isa = PBXGroup;
			children = (
				EEA1FA822A43F5CB0041270B /* Baloo2-Bold.ttf */,
				EEA1FA802A43F5CB0041270B /* Baloo2-ExtraBold.ttf */,
				EEA1FA7F2A43F5CB0041270B /* Baloo2-Medium.ttf */,
				EEA1FA812A43F5CB0041270B /* Baloo2-Regular.ttf */,
				EEA1FA7E2A43F5CB0041270B /* Baloo2-SemiBold.ttf */,
			);
			path = Fonts;
			sourceTree = "<group>";
		};
		EEA1FA8E2A444C940041270B /* CityMap */ = {
			isa = PBXGroup;
			children = (
				EEA1FA892A440A7C0041270B /* Map1View.swift */,
			);
			path = CityMap;
			sourceTree = "<group>";
		};
		EEB981C12A541E980089A429 /* MainStory */ = {
			isa = PBXGroup;
			children = (
				EEB981C22A541E980089A429 /* MainStoryView.swift */,
			);
			path = MainStory;
			sourceTree = "<group>";
		};
		EEB981C82A5458420089A429 /* Challenge */ = {
			isa = PBXGroup;
			children = (
				EEB981C92A5458550089A429 /* Challenge1View.swift */,
			);
			path = Challenge;
			sourceTree = "<group>";
		};
		EECF3D1D2A4BFD4B00470917 /* ViewModel */ = {
			isa = PBXGroup;
			children = (
				EECF3D1E2A4BFD5800470917 /* UserViewModel.swift */,
				27B59A132A4E71DE00C13D14 /* StageViewModel.swift */,
				27F27E4A2A4F02E0009CF355 /* ModulViewModel.swift */,
				EEC157042A5501F70024A13E /* ChallengeViewModel.swift */,
			);
			path = ViewModel;
			sourceTree = "<group>";
		};
/* End PBXGroup section */

/* Begin PBXNativeTarget section */
		EEA1FA152A42AB300041270B /* edith */ = {
			isa = PBXNativeTarget;
			buildConfigurationList = EEA1FA3A2A42AB320041270B /* Build configuration list for PBXNativeTarget "edith" */;
			buildPhases = (
				EEA1FA122A42AB300041270B /* Sources */,
				EEA1FA132A42AB300041270B /* Frameworks */,
				EEA1FA142A42AB300041270B /* Resources */,
			);
			buildRules = (
			);
			dependencies = (
			);
			name = edith;
			productName = edith;
			productReference = EEA1FA162A42AB300041270B /* edith.app */;
			productType = "com.apple.product-type.application";
		};
		EEA1FA252A42AB320041270B /* edithTests */ = {
			isa = PBXNativeTarget;
			buildConfigurationList = EEA1FA3D2A42AB320041270B /* Build configuration list for PBXNativeTarget "edithTests" */;
			buildPhases = (
				EEA1FA222A42AB320041270B /* Sources */,
				EEA1FA232A42AB320041270B /* Frameworks */,
				EEA1FA242A42AB320041270B /* Resources */,
			);
			buildRules = (
			);
			dependencies = (
				EEA1FA282A42AB320041270B /* PBXTargetDependency */,
			);
			name = edithTests;
			productName = edithTests;
			productReference = EEA1FA262A42AB320041270B /* edithTests.xctest */;
			productType = "com.apple.product-type.bundle.unit-test";
		};
		EEA1FA2F2A42AB320041270B /* edithUITests */ = {
			isa = PBXNativeTarget;
			buildConfigurationList = EEA1FA402A42AB320041270B /* Build configuration list for PBXNativeTarget "edithUITests" */;
			buildPhases = (
				EEA1FA2C2A42AB320041270B /* Sources */,
				EEA1FA2D2A42AB320041270B /* Frameworks */,
				EEA1FA2E2A42AB320041270B /* Resources */,
			);
			buildRules = (
			);
			dependencies = (
				EEA1FA322A42AB320041270B /* PBXTargetDependency */,
			);
			name = edithUITests;
			productName = edithUITests;
			productReference = EEA1FA302A42AB320041270B /* edithUITests.xctest */;
			productType = "com.apple.product-type.bundle.ui-testing";
		};
/* End PBXNativeTarget section */

/* Begin PBXProject section */
		EEA1FA0E2A42AB300041270B /* Project object */ = {
			isa = PBXProject;
			attributes = {
				BuildIndependentTargetsInParallel = 1;
				LastSwiftUpdateCheck = 1430;
				LastUpgradeCheck = 1430;
				TargetAttributes = {
					EEA1FA152A42AB300041270B = {
						CreatedOnToolsVersion = 14.3.1;
					};
					EEA1FA252A42AB320041270B = {
						CreatedOnToolsVersion = 14.3.1;
						TestTargetID = EEA1FA152A42AB300041270B;
					};
					EEA1FA2F2A42AB320041270B = {
						CreatedOnToolsVersion = 14.3.1;
						TestTargetID = EEA1FA152A42AB300041270B;
					};
				};
			};
			buildConfigurationList = EEA1FA112A42AB300041270B /* Build configuration list for PBXProject "edith" */;
			compatibilityVersion = "Xcode 14.0";
			developmentRegion = en;
			hasScannedForEncodings = 0;
			knownRegions = (
				en,
				Base,
			);
			mainGroup = EEA1FA0D2A42AB300041270B;
			productRefGroup = EEA1FA172A42AB300041270B /* Products */;
			projectDirPath = "";
			projectRoot = "";
			targets = (
				EEA1FA152A42AB300041270B /* edith */,
				EEA1FA252A42AB320041270B /* edithTests */,
				EEA1FA2F2A42AB320041270B /* edithUITests */,
			);
		};
/* End PBXProject section */

/* Begin PBXResourcesBuildPhase section */
		EEA1FA142A42AB300041270B /* Resources */ = {
			isa = PBXResourcesBuildPhase;
			buildActionMask = 2147483647;
			files = (
				0B37757B2A5BB38A0059E96B /* EdithTalk.m4a in Resources */,
				0B3775792A5BB38A0059E96B /* DropCoinSfx.m4a in Resources */,
				0B37757C2A5BB38A0059E96B /* NextButtonSfx.m4a in Resources */,
				0B3775772A5BB38A0059E96B /* MainStoryBgm2.m4a in Resources */,
				0B3775802A5BB38A0059E96B /* StageCompleted.m4a in Resources */,
				0B3775782A5BB38A0059E96B /* WrongSfx.m4a in Resources */,
				EEA1FA862A43F5CB0041270B /* Baloo2-Regular.ttf in Resources */,
				0B3775762A5BB38A0059E96B /* ButtonSfx.m4a in Resources */,
				EEA1FA212A42AB320041270B /* Preview Assets.xcassets in Resources */,
				0B37757F2A5BB38A0059E96B /* EdithPowerUp.m4a in Resources */,
				EEA1FA832A43F5CB0041270B /* Baloo2-SemiBold.ttf in Resources */,
				EEA1FA872A43F5CB0041270B /* Baloo2-Bold.ttf in Resources */,
				EEA1FA842A43F5CB0041270B /* Baloo2-Medium.ttf in Resources */,
				EEA1FA1E2A42AB320041270B /* Assets.xcassets in Resources */,
				EEA1FA852A43F5CB0041270B /* Baloo2-ExtraBold.ttf in Resources */,
				0B37757A2A5BB38A0059E96B /* CorrectSfx.m4a in Resources */,
				0B37757D2A5BB38A0059E96B /* WholesomeShuffleBgm.m4a in Resources */,
				0B37757E2A5BB38A0059E96B /* BrokenEdith.m4a in Resources */,
			);
			runOnlyForDeploymentPostprocessing = 0;
		};
		EEA1FA242A42AB320041270B /* Resources */ = {
			isa = PBXResourcesBuildPhase;
			buildActionMask = 2147483647;
			files = (
			);
			runOnlyForDeploymentPostprocessing = 0;
		};
		EEA1FA2E2A42AB320041270B /* Resources */ = {
			isa = PBXResourcesBuildPhase;
			buildActionMask = 2147483647;
			files = (
			);
			runOnlyForDeploymentPostprocessing = 0;
		};
/* End PBXResourcesBuildPhase section */

/* Begin PBXSourcesBuildPhase section */
		EEA1FA122A42AB300041270B /* Sources */ = {
			isa = PBXSourcesBuildPhase;
			buildActionMask = 2147483647;
			files = (
				27C66EA92A4BF0A0007BB465 /* ParentAvatarModel.swift in Sources */,
				27F27E4B2A4F02E0009CF355 /* ModulViewModel.swift in Sources */,
				27C66EAA2A4BF0A0007BB465 /* UserModel.swift in Sources */,
				27355B592A4BD964006C495A /* ContainerView.swift in Sources */,
				EEA1FA1C2A42AB300041270B /* ContentView.swift in Sources */,
				27A6FD002A564681008096AF /* Stage3View.swift in Sources */,
				EEA1FA4F2A43DEB80041270B /* ThreeDButton.swift in Sources */,
				27C66EAB2A4BF0A0007BB465 /* ChildAvatarModel.swift in Sources */,
				EEA1FA572A43F4160041270B /* Font.swift in Sources */,
				27B59A142A4E71DE00C13D14 /* StageViewModel.swift in Sources */,
				27F27E442A4EFC6C009CF355 /* PromptBox.swift in Sources */,
				EECF3CF32A49366D00470917 /* CircleAvatar.swift in Sources */,
				27C66EAC2A4BF0A0007BB465 /* StageModel.swift in Sources */,
				272897432A4A9201005B1A36 /* MapButton.swift in Sources */,
				272897452A4A944C005B1A36 /* MapStageButton.swift in Sources */,
				EEA1FA8C2A440B460041270B /* CloudView.swift in Sources */,
				EEA1FA8A2A440A7C0041270B /* Map1View.swift in Sources */,
				27C66EAD2A4BF0A0007BB465 /* ModulModel.swift in Sources */,
				27F27E472A4EFDCA009CF355 /* Module1View.swift in Sources */,
				EEA1FA1A2A42AB300041270B /* edithApp.swift in Sources */,
				272897412A4A8661005B1A36 /* WorldMapView.swift in Sources */,
				EE25AED62A5C6A7A001F5B45 /* OnboardingView.swift in Sources */,
				27C66EA82A4BF0A0007BB465 /* InteractiveImageModel.swift in Sources */,
				27B59A102A4E5C3500C13D14 /* Stage1View.swift in Sources */,
				EEA1FA552A43EDCB0041270B /* Star.swift in Sources */,
				EECF3CFF2A4A805000470917 /* BackButton.swift in Sources */,
				EECF3CF52A4936D600470917 /* Checklist.swift in Sources */,
				EEC157052A5501F70024A13E /* ChallengeViewModel.swift in Sources */,
				EEE690DE2A44816500B7394C /* RoadmapView.swift in Sources */,
				277375842A5B98E600DA4260 /* EdithFigure.swift in Sources */,
				EEA1FA532A43E6F90041270B /* StageButton.swift in Sources */,
				EEB981C52A541EB40089A429 /* Extension.swift in Sources */,
				EE25AED42A57BA9D001F5B45 /* ChallengeModel.swift in Sources */,
				EE25AED22A56540F001F5B45 /* CloseButton.swift in Sources */,
				27B59A162A4E7EDF00C13D14 /* Stage2View.swift in Sources */,
				EEB981CA2A5458550089A429 /* Challenge1View.swift in Sources */,
				EEB981C32A541E980089A429 /* MainStoryView.swift in Sources */,
				EECF3CF92A49394100470917 /* ChooseAvatarView.swift in Sources */,
				EECF3D1F2A4BFD5800470917 /* UserViewModel.swift in Sources */,
				EEA1FA482A43DC1D0041270B /* Color.swift in Sources */,
				EEB981C72A541ECF0089A429 /* CounterObject.swift in Sources */,
				27A6FD022A564C83008096AF /* CircleWithNumber.swift in Sources */,
				0BB9FA0C2A54077400DB30CC /* Module3View.swift in Sources */,
				0B7A7F4F2A52C63B00DDA88B /* Module2View.swift in Sources */,
			);
			runOnlyForDeploymentPostprocessing = 0;
		};
		EEA1FA222A42AB320041270B /* Sources */ = {
			isa = PBXSourcesBuildPhase;
			buildActionMask = 2147483647;
			files = (
				EEA1FA2B2A42AB320041270B /* edithTests.swift in Sources */,
			);
			runOnlyForDeploymentPostprocessing = 0;
		};
		EEA1FA2C2A42AB320041270B /* Sources */ = {
			isa = PBXSourcesBuildPhase;
			buildActionMask = 2147483647;
			files = (
				EEA1FA352A42AB320041270B /* edithUITests.swift in Sources */,
				EEA1FA372A42AB320041270B /* edithUITestsLaunchTests.swift in Sources */,
			);
			runOnlyForDeploymentPostprocessing = 0;
		};
/* End PBXSourcesBuildPhase section */

/* Begin PBXTargetDependency section */
		EEA1FA282A42AB320041270B /* PBXTargetDependency */ = {
			isa = PBXTargetDependency;
			target = EEA1FA152A42AB300041270B /* edith */;
			targetProxy = EEA1FA272A42AB320041270B /* PBXContainerItemProxy */;
		};
		EEA1FA322A42AB320041270B /* PBXTargetDependency */ = {
			isa = PBXTargetDependency;
			target = EEA1FA152A42AB300041270B /* edith */;
			targetProxy = EEA1FA312A42AB320041270B /* PBXContainerItemProxy */;
		};
/* End PBXTargetDependency section */

/* Begin XCBuildConfiguration section */
		EEA1FA382A42AB320041270B /* Debug */ = {
			isa = XCBuildConfiguration;
			buildSettings = {
				ALWAYS_SEARCH_USER_PATHS = NO;
				CLANG_ANALYZER_NONNULL = YES;
				CLANG_ANALYZER_NUMBER_OBJECT_CONVERSION = YES_AGGRESSIVE;
				CLANG_CXX_LANGUAGE_STANDARD = "gnu++20";
				CLANG_ENABLE_MODULES = YES;
				CLANG_ENABLE_OBJC_ARC = YES;
				CLANG_ENABLE_OBJC_WEAK = YES;
				CLANG_WARN_BLOCK_CAPTURE_AUTORELEASING = YES;
				CLANG_WARN_BOOL_CONVERSION = YES;
				CLANG_WARN_COMMA = YES;
				CLANG_WARN_CONSTANT_CONVERSION = YES;
				CLANG_WARN_DEPRECATED_OBJC_IMPLEMENTATIONS = YES;
				CLANG_WARN_DIRECT_OBJC_ISA_USAGE = YES_ERROR;
				CLANG_WARN_DOCUMENTATION_COMMENTS = YES;
				CLANG_WARN_EMPTY_BODY = YES;
				CLANG_WARN_ENUM_CONVERSION = YES;
				CLANG_WARN_INFINITE_RECURSION = YES;
				CLANG_WARN_INT_CONVERSION = YES;
				CLANG_WARN_NON_LITERAL_NULL_CONVERSION = YES;
				CLANG_WARN_OBJC_IMPLICIT_RETAIN_SELF = YES;
				CLANG_WARN_OBJC_LITERAL_CONVERSION = YES;
				CLANG_WARN_OBJC_ROOT_CLASS = YES_ERROR;
				CLANG_WARN_QUOTED_INCLUDE_IN_FRAMEWORK_HEADER = YES;
				CLANG_WARN_RANGE_LOOP_ANALYSIS = YES;
				CLANG_WARN_STRICT_PROTOTYPES = YES;
				CLANG_WARN_SUSPICIOUS_MOVE = YES;
				CLANG_WARN_UNGUARDED_AVAILABILITY = YES_AGGRESSIVE;
				CLANG_WARN_UNREACHABLE_CODE = YES;
				CLANG_WARN__DUPLICATE_METHOD_MATCH = YES;
				COPY_PHASE_STRIP = NO;
				DEBUG_INFORMATION_FORMAT = dwarf;
				ENABLE_STRICT_OBJC_MSGSEND = YES;
				ENABLE_TESTABILITY = YES;
				GCC_C_LANGUAGE_STANDARD = gnu11;
				GCC_DYNAMIC_NO_PIC = NO;
				GCC_NO_COMMON_BLOCKS = YES;
				GCC_OPTIMIZATION_LEVEL = 0;
				GCC_PREPROCESSOR_DEFINITIONS = (
					"DEBUG=1",
					"$(inherited)",
				);
				GCC_WARN_64_TO_32_BIT_CONVERSION = YES;
				GCC_WARN_ABOUT_RETURN_TYPE = YES_ERROR;
				GCC_WARN_UNDECLARED_SELECTOR = YES;
				GCC_WARN_UNINITIALIZED_AUTOS = YES_AGGRESSIVE;
				GCC_WARN_UNUSED_FUNCTION = YES;
				GCC_WARN_UNUSED_VARIABLE = YES;
				IPHONEOS_DEPLOYMENT_TARGET = 16.4;
				MTL_ENABLE_DEBUG_INFO = INCLUDE_SOURCE;
				MTL_FAST_MATH = YES;
				ONLY_ACTIVE_ARCH = YES;
				SDKROOT = iphoneos;
				SWIFT_ACTIVE_COMPILATION_CONDITIONS = DEBUG;
				SWIFT_OPTIMIZATION_LEVEL = "-Onone";
			};
			name = Debug;
		};
		EEA1FA392A42AB320041270B /* Release */ = {
			isa = XCBuildConfiguration;
			buildSettings = {
				ALWAYS_SEARCH_USER_PATHS = NO;
				CLANG_ANALYZER_NONNULL = YES;
				CLANG_ANALYZER_NUMBER_OBJECT_CONVERSION = YES_AGGRESSIVE;
				CLANG_CXX_LANGUAGE_STANDARD = "gnu++20";
				CLANG_ENABLE_MODULES = YES;
				CLANG_ENABLE_OBJC_ARC = YES;
				CLANG_ENABLE_OBJC_WEAK = YES;
				CLANG_WARN_BLOCK_CAPTURE_AUTORELEASING = YES;
				CLANG_WARN_BOOL_CONVERSION = YES;
				CLANG_WARN_COMMA = YES;
				CLANG_WARN_CONSTANT_CONVERSION = YES;
				CLANG_WARN_DEPRECATED_OBJC_IMPLEMENTATIONS = YES;
				CLANG_WARN_DIRECT_OBJC_ISA_USAGE = YES_ERROR;
				CLANG_WARN_DOCUMENTATION_COMMENTS = YES;
				CLANG_WARN_EMPTY_BODY = YES;
				CLANG_WARN_ENUM_CONVERSION = YES;
				CLANG_WARN_INFINITE_RECURSION = YES;
				CLANG_WARN_INT_CONVERSION = YES;
				CLANG_WARN_NON_LITERAL_NULL_CONVERSION = YES;
				CLANG_WARN_OBJC_IMPLICIT_RETAIN_SELF = YES;
				CLANG_WARN_OBJC_LITERAL_CONVERSION = YES;
				CLANG_WARN_OBJC_ROOT_CLASS = YES_ERROR;
				CLANG_WARN_QUOTED_INCLUDE_IN_FRAMEWORK_HEADER = YES;
				CLANG_WARN_RANGE_LOOP_ANALYSIS = YES;
				CLANG_WARN_STRICT_PROTOTYPES = YES;
				CLANG_WARN_SUSPICIOUS_MOVE = YES;
				CLANG_WARN_UNGUARDED_AVAILABILITY = YES_AGGRESSIVE;
				CLANG_WARN_UNREACHABLE_CODE = YES;
				CLANG_WARN__DUPLICATE_METHOD_MATCH = YES;
				COPY_PHASE_STRIP = NO;
				DEBUG_INFORMATION_FORMAT = "dwarf-with-dsym";
				ENABLE_NS_ASSERTIONS = NO;
				ENABLE_STRICT_OBJC_MSGSEND = YES;
				GCC_C_LANGUAGE_STANDARD = gnu11;
				GCC_NO_COMMON_BLOCKS = YES;
				GCC_WARN_64_TO_32_BIT_CONVERSION = YES;
				GCC_WARN_ABOUT_RETURN_TYPE = YES_ERROR;
				GCC_WARN_UNDECLARED_SELECTOR = YES;
				GCC_WARN_UNINITIALIZED_AUTOS = YES_AGGRESSIVE;
				GCC_WARN_UNUSED_FUNCTION = YES;
				GCC_WARN_UNUSED_VARIABLE = YES;
				IPHONEOS_DEPLOYMENT_TARGET = 16.4;
				MTL_ENABLE_DEBUG_INFO = NO;
				MTL_FAST_MATH = YES;
				SDKROOT = iphoneos;
				SWIFT_COMPILATION_MODE = wholemodule;
				SWIFT_OPTIMIZATION_LEVEL = "-O";
				VALIDATE_PRODUCT = YES;
			};
			name = Release;
		};
		EEA1FA3B2A42AB320041270B /* Debug */ = {
			isa = XCBuildConfiguration;
			buildSettings = {
				ASSETCATALOG_COMPILER_APPICON_NAME = AppIcon;
				ASSETCATALOG_COMPILER_GLOBAL_ACCENT_COLOR_NAME = AccentColor;
				CODE_SIGN_IDENTITY = "Apple Development";
				CODE_SIGN_STYLE = Automatic;
				CURRENT_PROJECT_VERSION = 1;
				DEVELOPMENT_ASSET_PATHS = "\"edith/Preview Content\"";
				DEVELOPMENT_TEAM = GZ6BD64S23;
				ENABLE_PREVIEWS = YES;
				GENERATE_INFOPLIST_FILE = YES;
				INFOPLIST_FILE = edith/Info.plist;
				INFOPLIST_KEY_CFBundleDisplayName = Edith;
				INFOPLIST_KEY_LSApplicationCategoryType = "public.app-category.education";
				INFOPLIST_KEY_NSCameraUsageDescription = "required access to your camera";
				INFOPLIST_KEY_UIApplicationSceneManifest_Generation = YES;
				INFOPLIST_KEY_UIApplicationSupportsIndirectInputEvents = YES;
				INFOPLIST_KEY_UILaunchScreen_Generation = YES;
				INFOPLIST_KEY_UIRequiresFullScreen = YES;
				INFOPLIST_KEY_UIStatusBarStyle = "";
				INFOPLIST_KEY_UISupportedInterfaceOrientations = "UIInterfaceOrientationLandscapeLeft UIInterfaceOrientationLandscapeRight";
				INFOPLIST_KEY_UISupportedInterfaceOrientations_iPad = UIInterfaceOrientationLandscapeRight;
				LD_RUNPATH_SEARCH_PATHS = (
					"$(inherited)",
					"@executable_path/Frameworks",
				);
				MARKETING_VERSION = 1.0;
				PRODUCT_BUNDLE_IDENTIFIER = com.ada.edith;
				PRODUCT_NAME = "$(TARGET_NAME)";
				PROVISIONING_PROFILE_SPECIFIER = "";
				SUPPORTED_PLATFORMS = "iphoneos iphonesimulator";
				SUPPORTS_MACCATALYST = NO;
				SUPPORTS_MAC_DESIGNED_FOR_IPHONE_IPAD = YES;
				SWIFT_EMIT_LOC_STRINGS = YES;
				SWIFT_VERSION = 5.0;
				TARGETED_DEVICE_FAMILY = 2;
			};
			name = Debug;
		};
		EEA1FA3C2A42AB320041270B /* Release */ = {
			isa = XCBuildConfiguration;
			buildSettings = {
				ASSETCATALOG_COMPILER_APPICON_NAME = AppIcon;
				ASSETCATALOG_COMPILER_GLOBAL_ACCENT_COLOR_NAME = AccentColor;
				CODE_SIGN_STYLE = Automatic;
				CURRENT_PROJECT_VERSION = 1;
				DEVELOPMENT_ASSET_PATHS = "\"edith/Preview Content\"";
				DEVELOPMENT_TEAM = 3P8PQZ7GZK;
				ENABLE_PREVIEWS = YES;
				GENERATE_INFOPLIST_FILE = YES;
				INFOPLIST_FILE = edith/Info.plist;
				INFOPLIST_KEY_CFBundleDisplayName = Edith;
				INFOPLIST_KEY_LSApplicationCategoryType = "public.app-category.education";
				INFOPLIST_KEY_NSCameraUsageDescription = "required access to your camera";
				INFOPLIST_KEY_UIApplicationSceneManifest_Generation = YES;
				INFOPLIST_KEY_UIApplicationSupportsIndirectInputEvents = YES;
				INFOPLIST_KEY_UILaunchScreen_Generation = YES;
				INFOPLIST_KEY_UIRequiresFullScreen = YES;
				INFOPLIST_KEY_UIStatusBarStyle = "";
				INFOPLIST_KEY_UISupportedInterfaceOrientations = "UIInterfaceOrientationLandscapeLeft UIInterfaceOrientationLandscapeRight";
				INFOPLIST_KEY_UISupportedInterfaceOrientations_iPad = UIInterfaceOrientationLandscapeRight;
				LD_RUNPATH_SEARCH_PATHS = (
					"$(inherited)",
					"@executable_path/Frameworks",
				);
				MARKETING_VERSION = 1.0;
				PRODUCT_BUNDLE_IDENTIFIER = com.ada.edith;
				PRODUCT_NAME = "$(TARGET_NAME)";
				SUPPORTED_PLATFORMS = "iphoneos iphonesimulator";
				SUPPORTS_MACCATALYST = NO;
				SUPPORTS_MAC_DESIGNED_FOR_IPHONE_IPAD = YES;
				SWIFT_EMIT_LOC_STRINGS = YES;
				SWIFT_VERSION = 5.0;
				TARGETED_DEVICE_FAMILY = 2;
			};
			name = Release;
		};
		EEA1FA3E2A42AB320041270B /* Debug */ = {
			isa = XCBuildConfiguration;
			buildSettings = {
				ALWAYS_EMBED_SWIFT_STANDARD_LIBRARIES = YES;
				BUNDLE_LOADER = "$(TEST_HOST)";
				CODE_SIGN_STYLE = Automatic;
				CURRENT_PROJECT_VERSION = 1;
				DEVELOPMENT_TEAM = 3P8PQZ7GZK;
				GENERATE_INFOPLIST_FILE = YES;
				IPHONEOS_DEPLOYMENT_TARGET = 16.4;
				MARKETING_VERSION = 1.0;
				PRODUCT_BUNDLE_IDENTIFIER = com.edithTests;
				PRODUCT_NAME = "$(TARGET_NAME)";
				SWIFT_EMIT_LOC_STRINGS = NO;
				SWIFT_VERSION = 5.0;
				TARGETED_DEVICE_FAMILY = "1,2";
				TEST_HOST = "$(BUILT_PRODUCTS_DIR)/edith.app/$(BUNDLE_EXECUTABLE_FOLDER_PATH)/edith";
			};
			name = Debug;
		};
		EEA1FA3F2A42AB320041270B /* Release */ = {
			isa = XCBuildConfiguration;
			buildSettings = {
				ALWAYS_EMBED_SWIFT_STANDARD_LIBRARIES = YES;
				BUNDLE_LOADER = "$(TEST_HOST)";
				CODE_SIGN_STYLE = Automatic;
				CURRENT_PROJECT_VERSION = 1;
				DEVELOPMENT_TEAM = 3P8PQZ7GZK;
				GENERATE_INFOPLIST_FILE = YES;
				IPHONEOS_DEPLOYMENT_TARGET = 16.4;
				MARKETING_VERSION = 1.0;
				PRODUCT_BUNDLE_IDENTIFIER = com.edithTests;
				PRODUCT_NAME = "$(TARGET_NAME)";
				SWIFT_EMIT_LOC_STRINGS = NO;
				SWIFT_VERSION = 5.0;
				TARGETED_DEVICE_FAMILY = "1,2";
				TEST_HOST = "$(BUILT_PRODUCTS_DIR)/edith.app/$(BUNDLE_EXECUTABLE_FOLDER_PATH)/edith";
			};
			name = Release;
		};
		EEA1FA412A42AB320041270B /* Debug */ = {
			isa = XCBuildConfiguration;
			buildSettings = {
				ALWAYS_EMBED_SWIFT_STANDARD_LIBRARIES = YES;
				CODE_SIGN_STYLE = Automatic;
				CURRENT_PROJECT_VERSION = 1;
				DEVELOPMENT_TEAM = 3P8PQZ7GZK;
				GENERATE_INFOPLIST_FILE = YES;
				MARKETING_VERSION = 1.0;
				PRODUCT_BUNDLE_IDENTIFIER = com.edithUITests;
				PRODUCT_NAME = "$(TARGET_NAME)";
				SWIFT_EMIT_LOC_STRINGS = NO;
				SWIFT_VERSION = 5.0;
				TARGETED_DEVICE_FAMILY = "1,2";
				TEST_TARGET_NAME = edith;
			};
			name = Debug;
		};
		EEA1FA422A42AB320041270B /* Release */ = {
			isa = XCBuildConfiguration;
			buildSettings = {
				ALWAYS_EMBED_SWIFT_STANDARD_LIBRARIES = YES;
				CODE_SIGN_STYLE = Automatic;
				CURRENT_PROJECT_VERSION = 1;
				DEVELOPMENT_TEAM = 3P8PQZ7GZK;
				GENERATE_INFOPLIST_FILE = YES;
				MARKETING_VERSION = 1.0;
				PRODUCT_BUNDLE_IDENTIFIER = com.edithUITests;
				PRODUCT_NAME = "$(TARGET_NAME)";
				SWIFT_EMIT_LOC_STRINGS = NO;
				SWIFT_VERSION = 5.0;
				TARGETED_DEVICE_FAMILY = "1,2";
				TEST_TARGET_NAME = edith;
			};
			name = Release;
		};
/* End XCBuildConfiguration section */

/* Begin XCConfigurationList section */
		EEA1FA112A42AB300041270B /* Build configuration list for PBXProject "edith" */ = {
			isa = XCConfigurationList;
			buildConfigurations = (
				EEA1FA382A42AB320041270B /* Debug */,
				EEA1FA392A42AB320041270B /* Release */,
			);
			defaultConfigurationIsVisible = 0;
			defaultConfigurationName = Release;
		};
		EEA1FA3A2A42AB320041270B /* Build configuration list for PBXNativeTarget "edith" */ = {
			isa = XCConfigurationList;
			buildConfigurations = (
				EEA1FA3B2A42AB320041270B /* Debug */,
				EEA1FA3C2A42AB320041270B /* Release */,
			);
			defaultConfigurationIsVisible = 0;
			defaultConfigurationName = Release;
		};
		EEA1FA3D2A42AB320041270B /* Build configuration list for PBXNativeTarget "edithTests" */ = {
			isa = XCConfigurationList;
			buildConfigurations = (
				EEA1FA3E2A42AB320041270B /* Debug */,
				EEA1FA3F2A42AB320041270B /* Release */,
			);
			defaultConfigurationIsVisible = 0;
			defaultConfigurationName = Release;
		};
		EEA1FA402A42AB320041270B /* Build configuration list for PBXNativeTarget "edithUITests" */ = {
			isa = XCConfigurationList;
			buildConfigurations = (
				EEA1FA412A42AB320041270B /* Debug */,
				EEA1FA422A42AB320041270B /* Release */,
			);
			defaultConfigurationIsVisible = 0;
			defaultConfigurationName = Release;
		};
/* End XCConfigurationList section */
	};
	rootObject = EEA1FA0E2A42AB300041270B /* Project object */;
}
